github.com/emirpasic/gods v1.12.0 h1:QAUIPSaCu4G+POclxeqb3F+WPpdKqFGlw36+yOzGlrg=
github.com/emirpasic/gods v1.12.0/go.mod h1:YfzfFFoVP/catgzJb4IKIqXjX78Ha8FMSDh3ymbK86o=
github.com/emnl/goods v0.0.0-20121027070824-3805483b57d8 h1:PhnCiagXk+6JcGIP3ZHOP/RtgvhBzg+6/a1Z3mDj/7A=
github.com/emnl/goods v0.0.0-20121027070824-3805483b57d8/go.mod h1:5fJpW9kNlkLpvkZoGlmzv2U9kWduuQ9duoiBd6qVA/E=
